
Microsoft Visual Studio Solution File, Format Version 12.00
# Visual Studio Version 17
VisualStudioVersion = 17.0.31903.59
MinimumVisualStudioVersion = 10.0.40219.1
Project("{FAE04EC0-301F-11D3-BF4B-00C04F79EFBC}") = "V13LoadBalancing.Web", "V13LoadBalancing.Web\V13LoadBalancing.Web.csproj", "{62CE8ADF-853C-446E-BF49-A1534D91E3C3}"
EndProject
Global
	GlobalSection(SolutionConfigurationPlatforms) = preSolution
		Debug|Any CPU = Debug|Any CPU
		Release|Any CPU = Release|Any CPU
	EndGlobalSection
	GlobalSection(SolutionProperties) = preSolution
		HideSolutionNode = FALSE
	EndGlobalSection
	GlobalSection(ProjectConfigurationPlatforms) = postSolution
		{62CE8ADF-853C-446E-BF49-A1534D91E3C3}.Debug|Any CPU.ActiveCfg = Debug|Any CPU
		{62CE8ADF-853C-446E-BF49-A1534D91E3C3}.Debug|Any CPU.Build.0 = Debug|Any CPU
		{62CE8ADF-853C-446E-BF49-A1534D91E3C3}.Release|Any CPU.ActiveCfg = Release|Any CPU
		{62CE8ADF-853C-446E-BF49-A1534D91E3C3}.Release|Any CPU.Build.0 = Release|Any CPU
	EndGlobalSection
EndGlobal
Project("{2150E333-8FDC-42A3-9474-1A3956D46DE8}") = "Solution Files", "Solution Files", "{3A7D9406-24E1-4954-9673-4C34DBD02B48}"
	ProjectSection(SolutionItems) = preProject
		.dockerignore = .dockerignore
		.editorconfig = .editorconfig
		.gitattributes = .gitattributes
		.gitignore = .gitignore
		.umbraco = .umbraco
		NuGet.config = NuGet.config
		Readme.md = Readme.md
		V13LoadBalancing.Web\umbraco-cloud.json = V13LoadBalancing.Web\umbraco-cloud.json
	EndProjectSection
EndProject
